// !$*UTF8*$!
{
	archiveVersion = 1;
	classes = {
	};
	objectVersion = 55;
	objects = {

/* Begin PBXBuildFile section */
		F5E6200627E67F1400C3B2FC /* AppDelegate.swift in Sources */ = {isa = PBXBuildFile; fileRef = F5E6200527E67F1400C3B2FC /* AppDelegate.swift */; };
		F5E6200827E67F1400C3B2FC /* SceneDelegate.swift in Sources */ = {isa = PBXBuildFile; fileRef = F5E6200727E67F1400C3B2FC /* SceneDelegate.swift */; };
		F5E6200A27E67F1400C3B2FC /* ViewController.swift in Sources */ = {isa = PBXBuildFile; fileRef = F5E6200927E67F1400C3B2FC /* ViewController.swift */; };
		F5E6200D27E67F1400C3B2FC /* Main.storyboard in Resources */ = {isa = PBXBuildFile; fileRef = F5E6200B27E67F1400C3B2FC /* Main.storyboard */; };
		F5E6200F27E67F1600C3B2FC /* Assets.xcassets in Resources */ = {isa = PBXBuildFile; fileRef = F5E6200E27E67F1600C3B2FC /* Assets.xcassets */; };
		F5E6201227E67F1600C3B2FC /* LaunchScreen.storyboard in Resources */ = {isa = PBXBuildFile; fileRef = F5E6201027E67F1600C3B2FC /* LaunchScreen.storyboard */; };
		F5E6201D27E67F1600C3B2FC /* NFTsTests.swift in Sources */ = {isa = PBXBuildFile; fileRef = F5E6201C27E67F1600C3B2FC /* NFTsTests.swift */; };
		F5E6202727E67F1600C3B2FC /* NFTsUITests.swift in Sources */ = {isa = PBXBuildFile; fileRef = F5E6202627E67F1600C3B2FC /* NFTsUITests.swift */; };
		F5E6202927E67F1600C3B2FC /* NFTsUITestsLaunchTests.swift in Sources */ = {isa = PBXBuildFile; fileRef = F5E6202827E67F1600C3B2FC /* NFTsUITestsLaunchTests.swift */; };
/* End PBXBuildFile section */

/* Begin PBXContainerItemProxy section */
		F5E6201927E67F1600C3B2FC /* PBXContainerItemProxy */ = {
			isa = PBXContainerItemProxy;
			containerPortal = F5E61FFA27E67F1400C3B2FC /* Project object */;
			proxyType = 1;
			remoteGlobalIDString = F5E6200127E67F1400C3B2FC;
			remoteInfo = NFTs;
		};
		F5E6202327E67F1600C3B2FC /* PBXContainerItemProxy */ = {
			isa = PBXContainerItemProxy;
			containerPortal = F5E61FFA27E67F1400C3B2FC /* Project object */;
			proxyType = 1;
			remoteGlobalIDString = F5E6200127E67F1400C3B2FC;
			remoteInfo = NFTs;
		};
/* End PBXContainerItemProxy section */

/* Begin PBXFileReference section */
		F5E6200227E67F1400C3B2FC /* NFTs.app */ = {isa = PBXFileReference; explicitFileType = wrapper.application; includeInIndex = 0; path = NFTs.app; sourceTree = BUILT_PRODUCTS_DIR; };
		F5E6200527E67F1400C3B2FC /* AppDelegate.swift */ = {isa = PBXFileReference; lastKnownFileType = sourcecode.swift; path = AppDelegate.swift; sourceTree = "<group>"; };
		F5E6200727E67F1400C3B2FC /* SceneDelegate.swift */ = {isa = PBXFileReference; lastKnownFileType = sourcecode.swift; path = SceneDelegate.swift; sourceTree = "<group>"; };
		F5E6200927E67F1400C3B2FC /* ViewController.swift */ = {isa = PBXFileReference; lastKnownFileType = sourcecode.swift; path = ViewController.swift; sourceTree = "<group>"; };
		F5E6200C27E67F1400C3B2FC /* Base */ = {isa = PBXFileReference; lastKnownFileType = file.storyboard; name = Base; path = Base.lproj/Main.storyboard; sourceTree = "<group>"; };
		F5E6200E27E67F1600C3B2FC /* Assets.xcassets */ = {isa = PBXFileReference; lastKnownFileType = folder.assetcatalog; path = Assets.xcassets; sourceTree = "<group>"; };
		F5E6201127E67F1600C3B2FC /* Base */ = {isa = PBXFileReference; lastKnownFileType = file.storyboard; name = Base; path = Base.lproj/LaunchScreen.storyboard; sourceTree = "<group>"; };
		F5E6201327E67F1600C3B2FC /* Info.plist */ = {isa = PBXFileReference; lastKnownFileType = text.plist.xml; path = Info.plist; sourceTree = "<group>"; };
		F5E6201827E67F1600C3B2FC /* NFTsTests.xctest */ = {isa = PBXFileReference; explicitFileType = wrapper.cfbundle; includeInIndex = 0; path = NFTsTests.xctest; sourceTree = BUILT_PRODUCTS_DIR; };
		F5E6201C27E67F1600C3B2FC /* NFTsTests.swift */ = {isa = PBXFileReference; lastKnownFileType = sourcecode.swift; path = NFTsTests.swift; sourceTree = "<group>"; };
		F5E6202227E67F1600C3B2FC /* NFTsUITests.xctest */ = {isa = PBXFileReference; explicitFileType = wrapper.cfbundle; includeInIndex = 0; path = NFTsUITests.xctest; sourceTree = BUILT_PRODUCTS_DIR; };
		F5E6202627E67F1600C3B2FC /* NFTsUITests.swift */ = {isa = PBXFileReference; lastKnownFileType = sourcecode.swift; path = NFTsUITests.swift; sourceTree = "<group>"; };
		F5E6202827E67F1600C3B2FC /* NFTsUITestsLaunchTests.swift */ = {isa = PBXFileReference; lastKnownFileType = sourcecode.swift; path = NFTsUITestsLaunchTests.swift; sourceTree = "<group>"; };
/* End PBXFileReference section */

/* Begin PBXFrameworksBuildPhase section */
		F5E61FFF27E67F1400C3B2FC /* Frameworks */ = {
			isa = PBXFrameworksBuildPhase;
			buildActionMask = 2147483647;
			files = (
			);
			runOnlyForDeploymentPostprocessing = 0;
		};
		F5E6201527E67F1600C3B2FC /* Frameworks */ = {
			isa = PBXFrameworksBuildPhase;
			buildActionMask = 2147483647;
			files = (
			);
			runOnlyForDeploymentPostprocessing = 0;
		};
		F5E6201F27E67F1600C3B2FC /* Frameworks */ = {
			isa = PBXFrameworksBuildPhase;
			buildActionMask = 2147483647;
			files = (
			);
			runOnlyForDeploymentPostprocessing = 0;
		};
/* End PBXFrameworksBuildPhase section */

/* Begin PBXGroup section */
		F5E61FF927E67F1400C3B2FC = {
			isa = PBXGroup;
			children = (
				F5E6200427E67F1400C3B2FC /* NFTs */,
				F5E6201B27E67F1600C3B2FC /* NFTsTests */,
				F5E6202527E67F1600C3B2FC /* NFTsUITests */,
				F5E6200327E67F1400C3B2FC /* Products */,
			);
			sourceTree = "<group>";
		};
		F5E6200327E67F1400C3B2FC /* Products */ = {
			isa = PBXGroup;
			children = (
				F5E6200227E67F1400C3B2FC /* NFTs.app */,
				F5E6201827E67F1600C3B2FC /* NFTsTests.xctest */,
				F5E6202227E67F1600C3B2FC /* NFTsUITests.xctest */,
			);
			name = Products;
			sourceTree = "<group>";
		};
		F5E6200427E67F1400C3B2FC /* NFTs */ = {
			isa = PBXGroup;
			children = (
				F5E6200527E67F1400C3B2FC /* AppDelegate.swift */,
				F5E6200727E67F1400C3B2FC /* SceneDelegate.swift */,
				F5E6200927E67F1400C3B2FC /* ViewController.swift */,
				F5E6200B27E67F1400C3B2FC /* Main.storyboard */,
				F5E6200E27E67F1600C3B2FC /* Assets.xcassets */,
				F5E6201027E67F1600C3B2FC /* LaunchScreen.storyboard */,
				F5E6201327E67F1600C3B2FC /* Info.plist */,
			);
			path = NFTs;
			sourceTree = "<group>";
		};
		F5E6201B27E67F1600C3B2FC /* NFTsTests */ = {
			isa = PBXGroup;
			children = (
				F5E6201C27E67F1600C3B2FC /* NFTsTests.swift */,
			);
			path = NFTsTests;
			sourceTree = "<group>";
		};
		F5E6202527E67F1600C3B2FC /* NFTsUITests */ = {
			isa = PBXGroup;
			children = (
				F5E6202627E67F1600C3B2FC /* NFTsUITests.swift */,
				F5E6202827E67F1600C3B2FC /* NFTsUITestsLaunchTests.swift */,
			);
			path = NFTsUITests;
			sourceTree = "<group>";
		};
/* End PBXGroup section */

/* Begin PBXNativeTarget section */
		F5E6200127E67F1400C3B2FC /* NFTs */ = {
			isa = PBXNativeTarget;
			buildConfigurationList = F5E6202C27E67F1600C3B2FC /* Build configuration list for PBXNativeTarget "NFTs" */;
			buildPhases = (
				F5E61FFE27E67F1400C3B2FC /* Sources */,
				F5E61FFF27E67F1400C3B2FC /* Frameworks */,
				F5E6200027E67F1400C3B2FC /* Resources */,
			);
			buildRules = (
			);
			dependencies = (
			);
			name = NFTs;
			productName = NFTs;
			productReference = F5E6200227E67F1400C3B2FC /* NFTs.app */;
			productType = "com.apple.product-type.application";
		};
		F5E6201727E67F1600C3B2FC /* NFTsTests */ = {
			isa = PBXNativeTarget;
			buildConfigurationList = F5E6202F27E67F1600C3B2FC /* Build configuration list for PBXNativeTarget "NFTsTests" */;
			buildPhases = (
				F5E6201427E67F1600C3B2FC /* Sources */,
				F5E6201527E67F1600C3B2FC /* Frameworks */,
				F5E6201627E67F1600C3B2FC /* Resources */,
			);
			buildRules = (
			);
			dependencies = (
				F5E6201A27E67F1600C3B2FC /* PBXTargetDependency */,
			);
			name = NFTsTests;
			productName = NFTsTests;
			productReference = F5E6201827E67F1600C3B2FC /* NFTsTests.xctest */;
			productType = "com.apple.product-type.bundle.unit-test";
		};
		F5E6202127E67F1600C3B2FC /* NFTsUITests */ = {
			isa = PBXNativeTarget;
			buildConfigurationList = F5E6203227E67F1600C3B2FC /* Build configuration list for PBXNativeTarget "NFTsUITests" */;
			buildPhases = (
				F5E6201E27E67F1600C3B2FC /* Sources */,
				F5E6201F27E67F1600C3B2FC /* Frameworks */,
				F5E6202027E67F1600C3B2FC /* Resources */,
			);
			buildRules = (
			);
			dependencies = (
				F5E6202427E67F1600C3B2FC /* PBXTargetDependency */,
			);
			name = NFTsUITests;
			productName = NFTsUITests;
			productReference = F5E6202227E67F1600C3B2FC /* NFTsUITests.xctest */;
			productType = "com.apple.product-type.bundle.ui-testing";
		};
/* End PBXNativeTarget section */

/* Begin PBXProject section */
		F5E61FFA27E67F1400C3B2FC /* Project object */ = {
			isa = PBXProject;
			attributes = {
				BuildIndependentTargetsInParallel = 1;
				LastSwiftUpdateCheck = 1310;
				LastUpgradeCheck = 1310;
				TargetAttributes = {
					F5E6200127E67F1400C3B2FC = {
						CreatedOnToolsVersion = 13.1;
					};
					F5E6201727E67F1600C3B2FC = {
						CreatedOnToolsVersion = 13.1;
						TestTargetID = F5E6200127E67F1400C3B2FC;
					};
					F5E6202127E67F1600C3B2FC = {
						CreatedOnToolsVersion = 13.1;
						TestTargetID = F5E6200127E67F1400C3B2FC;
					};
				};
			};
			buildConfigurationList = F5E61FFD27E67F1400C3B2FC /* Build configuration list for PBXProject "NFTs" */;
			compatibilityVersion = "Xcode 13.0";
			developmentRegion = en;
			hasScannedForEncodings = 0;
			knownRegions = (
				en,
				Base,
			);
			mainGroup = F5E61FF927E67F1400C3B2FC;
			productRefGroup = F5E6200327E67F1400C3B2FC /* Products */;
			projectDirPath = "";
			projectRoot = "";
			targets = (
				F5E6200127E67F1400C3B2FC /* NFTs */,
				F5E6201727E67F1600C3B2FC /* NFTsTests */,
				F5E6202127E67F1600C3B2FC /* NFTsUITests */,
			);
		};
/* End PBXProject section */

/* Begin PBXResourcesBuildPhase section */
		F5E6200027E67F1400C3B2FC /* Resources */ = {
			isa = PBXResourcesBuildPhase;
			buildActionMask = 2147483647;
			files = (
				F5E6201227E67F1600C3B2FC /* LaunchScreen.storyboard in Resources */,
				F5E6200F27E67F1600C3B2FC /* Assets.xcassets in Resources */,
				F5E6200D27E67F1400C3B2FC /* Main.storyboard in Resources */,
			);
			runOnlyForDeploymentPostprocessing = 0;
		};
		F5E6201627E67F1600C3B2FC /* Resources */ = {
			isa = PBXResourcesBuildPhase;
			buildActionMask = 2147483647;
			files = (
			);
			runOnlyForDeploymentPostprocessing = 0;
		};
		F5E6202027E67F1600C3B2FC /* Resources */ = {
			isa = PBXResourcesBuildPhase;
			buildActionMask = 2147483647;
			files = (
			);
			runOnlyForDeploymentPostprocessing = 0;
		};
/* End PBXResourcesBuildPhase section */

/* Begin PBXSourcesBuildPhase section */
		F5E61FFE27E67F1400C3B2FC /* Sources */ = {
			isa = PBXSourcesBuildPhase;
			buildActionMask = 2147483647;
			files = (
				F5E6200A27E67F1400C3B2FC /* ViewController.swift in Sources */,
				F5E6200627E67F1400C3B2FC /* AppDelegate.swift in Sources */,
				F5E6200827E67F1400C3B2FC /* SceneDelegate.swift in Sources */,
			);
			runOnlyForDeploymentPostprocessing = 0;
		};
		F5E6201427E67F1600C3B2FC /* Sources */ = {
			isa = PBXSourcesBuildPhase;
			buildActionMask = 2147483647;
			files = (
				F5E6201D27E67F1600C3B2FC /* NFTsTests.swift in Sources */,
			);
			runOnlyForDeploymentPostprocessing = 0;
		};
		F5E6201E27E67F1600C3B2FC /* Sources */ = {
			isa = PBXSourcesBuildPhase;
			buildActionMask = 2147483647;
			files = (
				F5E6202727E67F1600C3B2FC /* NFTsUITests.swift in Sources */,
				F5E6202927E67F1600C3B2FC /* NFTsUITestsLaunchTests.swift in Sources */,
			);
			runOnlyForDeploymentPostprocessing = 0;
		};
/* End PBXSourcesBuildPhase section */

/* Begin PBXTargetDependency section */
		F5E6201A27E67F1600C3B2FC /* PBXTargetDependency */ = {
			isa = PBXTargetDependency;
			target = F5E6200127E67F1400C3B2FC /* NFTs */;
			targetProxy = F5E6201927E67F1600C3B2FC /* PBXContainerItemProxy */;
		};
		F5E6202427E67F1600C3B2FC /* PBXTargetDependency */ = {
			isa = PBXTargetDependency;
			target = F5E6200127E67F1400C3B2FC /* NFTs */;
			targetProxy = F5E6202327E67F1600C3B2FC /* PBXContainerItemProxy */;
		};
/* End PBXTargetDependency section */

/* Begin PBXVariantGroup section */
		F5E6200B27E67F1400C3B2FC /* Main.storyboard */ = {
			isa = PBXVariantGroup;
			children = (
				F5E6200C27E67F1400C3B2FC /* Base */,
			);
			name = Main.storyboard;
			sourceTree = "<group>";
		};
		F5E6201027E67F1600C3B2FC /* LaunchScreen.storyboard */ = {
			isa = PBXVariantGroup;
			children = (
				F5E6201127E67F1600C3B2FC /* Base */,
			);
			name = LaunchScreen.storyboard;
			sourceTree = "<group>";
		};
/* End PBXVariantGroup section */

/* Begin XCBuildConfiguration section */
		F5E6202A27E67F1600C3B2FC /* Debug */ = {
			isa = XCBuildConfiguration;
			buildSettings = {
				ALWAYS_SEARCH_USER_PATHS = NO;
				CLANG_ANALYZER_NONNULL = YES;
				CLANG_ANALYZER_NUMBER_OBJECT_CONVERSION = YES_AGGRESSIVE;
				CLANG_CXX_LANGUAGE_STANDARD = "gnu++17";
				CLANG_CXX_LIBRARY = "libc++";
				CLANG_ENABLE_MODULES = YES;
				CLANG_ENABLE_OBJC_ARC = YES;
				CLANG_ENABLE_OBJC_WEAK = YES;
				CLANG_WARN_BLOCK_CAPTURE_AUTORELEASING = YES;
				CLANG_WARN_BOOL_CONVERSION = YES;
				CLANG_WARN_COMMA = YES;
				CLANG_WARN_CONSTANT_CONVERSION = YES;
				CLANG_WARN_DEPRECATED_OBJC_IMPLEMENTATIONS = YES;
				CLANG_WARN_DIRECT_OBJC_ISA_USAGE = YES_ERROR;
				CLANG_WARN_DOCUMENTATION_COMMENTS = YES;
				CLANG_WARN_EMPTY_BODY = YES;
				CLANG_WARN_ENUM_CONVERSION = YES;
				CLANG_WARN_INFINITE_RECURSION = YES;
				CLANG_WARN_INT_CONVERSION = YES;
				CLANG_WARN_NON_LITERAL_NULL_CONVERSION = YES;
				CLANG_WARN_OBJC_IMPLICIT_RETAIN_SELF = YES;
				CLANG_WARN_OBJC_LITERAL_CONVERSION = YES;
				CLANG_WARN_OBJC_ROOT_CLASS = YES_ERROR;
				CLANG_WARN_QUOTED_INCLUDE_IN_FRAMEWORK_HEADER = YES;
				CLANG_WARN_RANGE_LOOP_ANALYSIS = YES;
				CLANG_WARN_STRICT_PROTOTYPES = YES;
				CLANG_WARN_SUSPICIOUS_MOVE = YES;
				CLANG_WARN_UNGUARDED_AVAILABILITY = YES_AGGRESSIVE;
				CLANG_WARN_UNREACHABLE_CODE = YES;
				CLANG_WARN__DUPLICATE_METHOD_MATCH = YES;
				COPY_PHASE_STRIP = NO;
				DEBUG_INFORMATION_FORMAT = dwarf;
				ENABLE_STRICT_OBJC_MSGSEND = YES;
				ENABLE_TESTABILITY = YES;
				GCC_C_LANGUAGE_STANDARD = gnu11;
				GCC_DYNAMIC_NO_PIC = NO;
				GCC_NO_COMMON_BLOCKS = YES;
				GCC_OPTIMIZATION_LEVEL = 0;
				GCC_PREPROCESSOR_DEFINITIONS = (
					"DEBUG=1",
					"$(inherited)",
				);
				GCC_WARN_64_TO_32_BIT_CONVERSION = YES;
				GCC_WARN_ABOUT_RETURN_TYPE = YES_ERROR;
				GCC_WARN_UNDECLARED_SELECTOR = YES;
				GCC_WARN_UNINITIALIZED_AUTOS = YES_AGGRESSIVE;
				GCC_WARN_UNUSED_FUNCTION = YES;
				GCC_WARN_UNUSED_VARIABLE = YES;
				IPHONEOS_DEPLOYMENT_TARGET = 15.0;
				MTL_ENABLE_DEBUG_INFO = INCLUDE_SOURCE;
				MTL_FAST_MATH = YES;
				ONLY_ACTIVE_ARCH = YES;
				SDKROOT = iphoneos;
				SWIFT_ACTIVE_COMPILATION_CONDITIONS = DEBUG;
				SWIFT_OPTIMIZATION_LEVEL = "-Onone";
			};
			name = Debug;
		};
		F5E6202B27E67F1600C3B2FC /* Release */ = {
			isa = XCBuildConfiguration;
			buildSettings = {
				ALWAYS_SEARCH_USER_PATHS = NO;
				CLANG_ANALYZER_NONNULL = YES;
				CLANG_ANALYZER_NUMBER_OBJECT_CONVERSION = YES_AGGRESSIVE;
				CLANG_CXX_LANGUAGE_STANDARD = "gnu++17";
				CLANG_CXX_LIBRARY = "libc++";
				CLANG_ENABLE_MODULES = YES;
				CLANG_ENABLE_OBJC_ARC = YES;
				CLANG_ENABLE_OBJC_WEAK = YES;
				CLANG_WARN_BLOCK_CAPTURE_AUTORELEASING = YES;
				CLANG_WARN_BOOL_CONVERSION = YES;
				CLANG_WARN_COMMA = YES;
				CLANG_WARN_CONSTANT_CONVERSION = YES;
				CLANG_WARN_DEPRECATED_OBJC_IMPLEMENTATIONS = YES;
				CLANG_WARN_DIRECT_OBJC_ISA_USAGE = YES_ERROR;
				CLANG_WARN_DOCUMENTATION_COMMENTS = YES;
				CLANG_WARN_EMPTY_BODY = YES;
				CLANG_WARN_ENUM_CONVERSION = YES;
				CLANG_WARN_INFINITE_RECURSION = YES;
				CLANG_WARN_INT_CONVERSION = YES;
				CLANG_WARN_NON_LITERAL_NULL_CONVERSION = YES;
				CLANG_WARN_OBJC_IMPLICIT_RETAIN_SELF = YES;
				CLANG_WARN_OBJC_LITERAL_CONVERSION = YES;
				CLANG_WARN_OBJC_ROOT_CLASS = YES_ERROR;
				CLANG_WARN_QUOTED_INCLUDE_IN_FRAMEWORK_HEADER = YES;
				CLANG_WARN_RANGE_LOOP_ANALYSIS = YES;
				CLANG_WARN_STRICT_PROTOTYPES = YES;
				CLANG_WARN_SUSPICIOUS_MOVE = YES;
				CLANG_WARN_UNGUARDED_AVAILABILITY = YES_AGGRESSIVE;
				CLANG_WARN_UNREACHABLE_CODE = YES;
				CLANG_WARN__DUPLICATE_METHOD_MATCH = YES;
				COPY_PHASE_STRIP = NO;
				DEBUG_INFORMATION_FORMAT = "dwarf-with-dsym";
				ENABLE_NS_ASSERTIONS = NO;
				ENABLE_STRICT_OBJC_MSGSEND = YES;
				GCC_C_LANGUAGE_STANDARD = gnu11;
				GCC_NO_COMMON_BLOCKS = YES;
				GCC_WARN_64_TO_32_BIT_CONVERSION = YES;
				GCC_WARN_ABOUT_RETURN_TYPE = YES_ERROR;
				GCC_WARN_UNDECLARED_SELECTOR = YES;
				GCC_WARN_UNINITIALIZED_AUTOS = YES_AGGRESSIVE;
				GCC_WARN_UNUSED_FUNCTION = YES;
				GCC_WARN_UNUSED_VARIABLE = YES;
				IPHONEOS_DEPLOYMENT_TARGET = 15.0;
				MTL_ENABLE_DEBUG_INFO = NO;
				MTL_FAST_MATH = YES;
				SDKROOT = iphoneos;
				SWIFT_COMPILATION_MODE = wholemodule;
				SWIFT_OPTIMIZATION_LEVEL = "-O";
				VALIDATE_PRODUCT = YES;
			};
			name = Release;
		};
		F5E6202D27E67F1600C3B2FC /* Debug */ = {
			isa = XCBuildConfiguration;
			buildSettings = {
				ASSETCATALOG_COMPILER_APPICON_NAME = AppIcon;
				ASSETCATALOG_COMPILER_GLOBAL_ACCENT_COLOR_NAME = AccentColor;
				CODE_SIGN_STYLE = Automatic;
				CURRENT_PROJECT_VERSION = 1;
				DEVELOPMENT_TEAM = 7KTJ5GSQ7L;
				GENERATE_INFOPLIST_FILE = YES;
				INFOPLIST_FILE = NFTs/Info.plist;
				INFOPLIST_KEY_UIApplicationSupportsIndirectInputEvents = YES;
				INFOPLIST_KEY_UILaunchStoryboardName = LaunchScreen;
				INFOPLIST_KEY_UIMainStoryboardFile = Main;
				INFOPLIST_KEY_UISupportedInterfaceOrientations_iPad = "UIInterfaceOrientationPortrait UIInterfaceOrientationPortraitUpsideDown UIInterfaceOrientationLandscapeLeft UIInterfaceOrientationLandscapeRight";
				INFOPLIST_KEY_UISupportedInterfaceOrientations_iPhone = "UIInterfaceOrientationPortrait UIInterfaceOrientationLandscapeLeft UIInterfaceOrientationLandscapeRight";
				LD_RUNPATH_SEARCH_PATHS = (
					"$(inherited)",
					"@executable_path/Frameworks",
				);
				MARKETING_VERSION = 1.0;
				PRODUCT_BUNDLE_IDENTIFIER = pedrocoloma.com.NFTs;
				PRODUCT_NAME = "$(TARGET_NAME)";
				SWIFT_EMIT_LOC_STRINGS = YES;
				SWIFT_VERSION = 5.0;
				TARGETED_DEVICE_FAMILY = "1,2";
			};
			name = Debug;
		};
		F5E6202E27E67F1600C3B2FC /* Release */ = {
			isa = XCBuildConfiguration;
			buildSettings = {
				ASSETCATALOG_COMPILER_APPICON_NAME = AppIcon;
				ASSETCATALOG_COMPILER_GLOBAL_ACCENT_COLOR_NAME = AccentColor;
				CODE_SIGN_STYLE = Automatic;
				CURRENT_PROJECT_VERSION = 1;
				DEVELOPMENT_TEAM = 7KTJ5GSQ7L;
				GENERATE_INFOPLIST_FILE = YES;
				INFOPLIST_FILE = NFTs/Info.plist;
				INFOPLIST_KEY_UIApplicationSupportsIndirectInputEvents = YES;
				INFOPLIST_KEY_UILaunchStoryboardName = LaunchScreen;
				INFOPLIST_KEY_UIMainStoryboardFile = Main;
				INFOPLIST_KEY_UISupportedInterfaceOrientations_iPad = "UIInterfaceOrientationPortrait UIInterfaceOrientationPortraitUpsideDown UIInterfaceOrientationLandscapeLeft UIInterfaceOrientationLandscapeRight";
				INFOPLIST_KEY_UISupportedInterfaceOrientations_iPhone = "UIInterfaceOrientationPortrait UIInterfaceOrientationLandscapeLeft UIInterfaceOrientationLandscapeRight";
				LD_RUNPATH_SEARCH_PATHS = (
					"$(inherited)",
					"@executable_path/Frameworks",
				);
				MARKETING_VERSION = 1.0;
				PRODUCT_BUNDLE_IDENTIFIER = pedrocoloma.com.NFTs;
				PRODUCT_NAME = "$(TARGET_NAME)";
				SWIFT_EMIT_LOC_STRINGS = YES;
				SWIFT_VERSION = 5.0;
				TARGETED_DEVICE_FAMILY = "1,2";
			};
			name = Release;
		};
		F5E6203027E67F1600C3B2FC /* Debug */ = {
			isa = XCBuildConfiguration;
			buildSettings = {
				ALWAYS_EMBED_SWIFT_STANDARD_LIBRARIES = YES;
				BUNDLE_LOADER = "$(TEST_HOST)";
				CODE_SIGN_STYLE = Automatic;
				CURRENT_PROJECT_VERSION = 1;
				DEVELOPMENT_TEAM = 7KTJ5GSQ7L;
				GENERATE_INFOPLIST_FILE = YES;
				IPHONEOS_DEPLOYMENT_TARGET = 15.0;
				LD_RUNPATH_SEARCH_PATHS = (
					"$(inherited)",
					"@executable_path/Frameworks",
					"@loader_path/Frameworks",
				);
				MARKETING_VERSION = 1.0;
				PRODUCT_BUNDLE_IDENTIFIER = pedrocoloma.com.NFTsTests;
				PRODUCT_NAME = "$(TARGET_NAME)";
				SWIFT_EMIT_LOC_STRINGS = NO;
				SWIFT_VERSION = 5.0;
				TARGETED_DEVICE_FAMILY = "1,2";
				TEST_HOST = "$(BUILT_PRODUCTS_DIR)/NFTs.app/NFTs";
			};
			name = Debug;
		};
		F5E6203127E67F1600C3B2FC /* Release */ = {
			isa = XCBuildConfiguration;
			buildSettings = {
				ALWAYS_EMBED_SWIFT_STANDARD_LIBRARIES = YES;
				BUNDLE_LOADER = "$(TEST_HOST)";
				CODE_SIGN_STYLE = Automatic;
				CURRENT_PROJECT_VERSION = 1;
				DEVELOPMENT_TEAM = 7KTJ5GSQ7L;
				GENERATE_INFOPLIST_FILE = YES;
				IPHONEOS_DEPLOYMENT_TARGET = 15.0;
				LD_RUNPATH_SEARCH_PATHS = (
					"$(inherited)",
					"@executable_path/Frameworks",
					"@loader_path/Frameworks",
				);
				MARKETING_VERSION = 1.0;
				PRODUCT_BUNDLE_IDENTIFIER = pedrocoloma.com.NFTsTests;
				PRODUCT_NAME = "$(TARGET_NAME)";
				SWIFT_EMIT_LOC_STRINGS = NO;
				SWIFT_VERSION = 5.0;
				TARGETED_DEVICE_FAMILY = "1,2";
				TEST_HOST = "$(BUILT_PRODUCTS_DIR)/NFTs.app/NFTs";
			};
			name = Release;
		};
		F5E6203327E67F1600C3B2FC /* Debug */ = {
			isa = XCBuildConfiguration;
			buildSettings = {
				ALWAYS_EMBED_SWIFT_STANDARD_LIBRARIES = YES;
				CODE_SIGN_STYLE = Automatic;
				CURRENT_PROJECT_VERSION = 1;
				DEVELOPMENT_TEAM = 7KTJ5GSQ7L;
				GENERATE_INFOPLIST_FILE = YES;
				LD_RUNPATH_SEARCH_PATHS = (
					"$(inherited)",
					"@executable_path/Frameworks",
					"@loader_path/Frameworks",
				);
				MARKETING_VERSION = 1.0;
				PRODUCT_BUNDLE_IDENTIFIER = pedrocoloma.com.NFTsUITests;
				PRODUCT_NAME = "$(TARGET_NAME)";
				SWIFT_EMIT_LOC_STRINGS = NO;
				SWIFT_VERSION = 5.0;
				TARGETED_DEVICE_FAMILY = "1,2";
				TEST_TARGET_NAME = NFTs;
			};
			name = Debug;
		};
		F5E6203427E67F1600C3B2FC /* Release */ = {
			isa = XCBuildConfiguration;
			buildSettings = {
				ALWAYS_EMBED_SWIFT_STANDARD_LIBRARIES = YES;
				CODE_SIGN_STYLE = Automatic;
				CURRENT_PROJECT_VERSION = 1;
				DEVELOPMENT_TEAM = 7KTJ5GSQ7L;
				GENERATE_INFOPLIST_FILE = YES;
				LD_RUNPATH_SEARCH_PATHS = (
					"$(inherited)",
					"@executable_path/Frameworks",
					"@loader_path/Frameworks",
				);
				MARKETING_VERSION = 1.0;
				PRODUCT_BUNDLE_IDENTIFIER = pedrocoloma.com.NFTsUITests;
				PRODUCT_NAME = "$(TARGET_NAME)";
				SWIFT_EMIT_LOC_STRINGS = NO;
				SWIFT_VERSION = 5.0;
				TARGETED_DEVICE_FAMILY = "1,2";
				TEST_TARGET_NAME = NFTs;
			};
			name = Release;
		};
/* End XCBuildConfiguration section */

/* Begin XCConfigurationList section */
		F5E61FFD27E67F1400C3B2FC /* Build configuration list for PBXProject "NFTs" */ = {
			isa = XCConfigurationList;
			buildConfigurations = (
				F5E6202A27E67F1600C3B2FC /* Debug */,
				F5E6202B27E67F1600C3B2FC /* Release */,
			);
			defaultConfigurationIsVisible = 0;
			defaultConfigurationName = Release;
		};
		F5E6202C27E67F1600C3B2FC /* Build configuration list for PBXNativeTarget "NFTs" */ = {
			isa = XCConfigurationList;
			buildConfigurations = (
				F5E6202D27E67F1600C3B2FC /* Debug */,
				F5E6202E27E67F1600C3B2FC /* Release */,
			);
			defaultConfigurationIsVisible = 0;
			defaultConfigurationName = Release;
		};
		F5E6202F27E67F1600C3B2FC /* Build configuration list for PBXNativeTarget "NFTsTests" */ = {
			isa = XCConfigurationList;
			buildConfigurations = (
				F5E6203027E67F1600C3B2FC /* Debug */,
				F5E6203127E67F1600C3B2FC /* Release */,
			);
			defaultConfigurationIsVisible = 0;
			defaultConfigurationName = Release;
		};
		F5E6203227E67F1600C3B2FC /* Build configuration list for PBXNativeTarget "NFTsUITests" */ = {
			isa = XCConfigurationList;
			buildConfigurations = (
				F5E6203327E67F1600C3B2FC /* Debug */,
				F5E6203427E67F1600C3B2FC /* Release */,
			);
			defaultConfigurationIsVisible = 0;
			defaultConfigurationName = Release;
		};
/* End XCConfigurationList section */
	};
	rootObject = F5E61FFA27E67F1400C3B2FC /* Project object */;
}
